{
  "name": "autotestwebts",
  "version": "1.0.0",
  "lockfileVersion": 2,
  "requires": true,
  "packages": {
    "": {
      "name": "autotestwebts",
      "version": "1.0.0",
      "license": "ISC",
      "dependencies": {
        "@types/lodash": "^4.14.186",
        "lodash": "^4.17.21"
      },
      "devDependencies": {
        "@playwright/test": "^1.27.1",
        "typescript": "^4.8.4"
      }
    },
    "node_modules/@playwright/test": {
      "version": "1.27.1",
      "resolved": "https://registry.npmjs.org/@playwright/test/-/test-1.27.1.tgz",
      "integrity": "sha512-mrL2q0an/7tVqniQQF6RBL2saskjljXzqNcCOVMUjRIgE6Y38nCNaP+Dc2FBW06bcpD3tqIws/HT9qiMHbNU0A==",
      "dev": true,
      "dependencies": {
        "@types/node": "*",
        "playwright-core": "1.27.1"
      },
      "bin": {
        "playwright": "cli.js"
      },
      "engines": {
        "node": ">=14"
      }
    },
    "node_modules/@types/lodash": {
      "version": "4.14.186",
      "resolved": "https://registry.npmjs.org/@types/lodash/-/lodash-4.14.186.tgz",
      "integrity": "sha512-eHcVlLXP0c2FlMPm56ITode2AgLMSa6aJ05JTTbYbI+7EMkCEE5qk2E41d5g2lCVTqRe0GnnRFurmlCsDODrPw=="
    },
    "node_modules/@types/node": {
      "version": "18.11.5",
      "resolved": "https://registry.npmjs.org/@types/node/-/node-18.11.5.tgz",
      "integrity": "sha512-3JRwhbjI+cHLAkUorhf8RnqUbFXajvzX4q6fMn5JwkgtuwfYtRQYI3u4V92vI6NJuTsbBQWWh3RZjFsuevyMGQ==",
      "dev": true
    },
    "node_modules/lodash": {
      "version": "4.17.21",
      "resolved": "https://registry.npmjs.org/lodash/-/lodash-4.17.21.tgz",
      "integrity": "sha512-v2kDEe57lecTulaDIuNTPy3Ry4gLGJ6Z1O3vE1krgXZNrsQ+LFTGHVxVjcXPs17LhbZVGedAJv8XZ1tvj5FvSg=="
    },
    "node_modules/playwright-core": {
      "version": "1.27.1",
      "resolved": "https://registry.npmjs.org/playwright-core/-/playwright-core-1.27.1.tgz",
      "integrity": "sha512-9EmeXDncC2Pmp/z+teoVYlvmPWUC6ejSSYZUln7YaP89Z6lpAaiaAnqroUt/BoLo8tn7WYShcfaCh+xofZa44Q==",
      "dev": true,
      "bin": {
        "playwright": "cli.js"
      },
      "engines": {
        "node": ">=14"
      }
    },
    "node_modules/typescript": {
      "version": "4.8.4",
      "resolved": "https://registry.npmjs.org/typescript/-/typescript-4.8.4.tgz",
      "integrity": "sha512-QCh+85mCy+h0IGff8r5XWzOVSbBO+KfeYrMQh7NJ58QujwcE22u+NUSmUxqF+un70P9GXKxa2HCNiTTMJknyjQ==",
      "dev": true,
      "bin": {
        "tsc": "bin/tsc",
        "tsserver": "bin/tsserver"
      },
      "engines": {
        "node": ">=4.2.0"
      }
    }
  },
  "dependencies": {
    "@playwright/test": {
      "version": "1.27.1",
      "resolved": "https://registry.npmjs.org/@playwright/test/-/test-1.27.1.tgz",
      "integrity": "sha512-mrL2q0an/7tVqniQQF6RBL2saskjljXzqNcCOVMUjRIgE6Y38nCNaP+Dc2FBW06bcpD3tqIws/HT9qiMHbNU0A==",
      "dev": true,
      "requires": {
        "@types/node": "*",
        "playwright-core": "1.27.1"
      }
    },
    "@types/lodash": {
      "version": "4.14.186",
      "resolved": "https://registry.npmjs.org/@types/lodash/-/lodash-4.14.186.tgz",
      "integrity": "sha512-eHcVlLXP0c2FlMPm56ITode2AgLMSa6aJ05JTTbYbI+7EMkCEE5qk2E41d5g2lCVTqRe0GnnRFurmlCsDODrPw=="
    },
    "@types/node": {
      "version": "18.11.5",
      "resolved": "https://registry.npmjs.org/@types/node/-/node-18.11.5.tgz",
      "integrity": "sha512-3JRwhbjI+cHLAkUorhf8RnqUbFXajvzX4q6fMn5JwkgtuwfYtRQYI3u4V92vI6NJuTsbBQWWh3RZjFsuevyMGQ==",
      "dev": true
    },
    "lodash": {
      "version": "4.17.21",
      "resolved": "https://registry.npmjs.org/lodash/-/lodash-4.17.21.tgz",
      "integrity": "sha512-v2kDEe57lecTulaDIuNTPy3Ry4gLGJ6Z1O3vE1krgXZNrsQ+LFTGHVxVjcXPs17LhbZVGedAJv8XZ1tvj5FvSg=="
    },
    "playwright-core": {
      "version": "1.27.1",
      "resolved": "https://registry.npmjs.org/playwright-core/-/playwright-core-1.27.1.tgz",
      "integrity": "sha512-9EmeXDncC2Pmp/z+teoVYlvmPWUC6ejSSYZUln7YaP89Z6lpAaiaAnqroUt/BoLo8tn7WYShcfaCh+xofZa44Q==",
      "dev": true
    },
    "typescript": {
      "version": "4.8.4",
      "resolved": "https://registry.npmjs.org/typescript/-/typescript-4.8.4.tgz",
      "integrity": "sha512-QCh+85mCy+h0IGff8r5XWzOVSbBO+KfeYrMQh7NJ58QujwcE22u+NUSmUxqF+un70P9GXKxa2HCNiTTMJknyjQ==",
      "dev": true
    }
  }
}
